
Microsoft Visual Studio Solution File, Format Version 12.00
# Visual Studio 15
VisualStudioVersion = 15.0.28307.271
MinimumVisualStudioVersion = 10.0.40219.1
Project("{FAE04EC0-301F-11D3-BF4B-00C04F79EFBC}") = "Cafe.Android", "Cafe\Cafe.Android\Cafe.Android.csproj", "{5E2FAE03-1161-4CD2-8E1D-CE84997FFCEF}"
EndProject
Project("{FAE04EC0-301F-11D3-BF4B-00C04F79EFBC}") = "Cafe.iOS", "Cafe\Cafe.iOS\Cafe.iOS.csproj", "{E96E82FE-6FE4-4389-AD7E-DF41DC8DE042}"
EndProject
Project("{FAE04EC0-301F-11D3-BF4B-00C04F79EFBC}") = "Cafe.UWP", "Cafe\Cafe.UWP\Cafe.UWP.csproj", "{1C89BE6C-5801-41FB-AD73-FD44377634F1}"
EndProject
Project("{FAE04EC0-301F-11D3-BF4B-00C04F79EFBC}") = "Cafe", "Cafe\Cafe\Cafe.csproj", "{593A8B10-8057-4F82-8C36-D50663DC1787}"
EndProject
Global
	GlobalSection(SolutionConfigurationPlatforms) = preSolution
		Debug|Any CPU = Debug|Any CPU
		Debug|ARM = Debug|ARM
		Debug|iPhone = Debug|iPhone
		Debug|iPhoneSimulator = Debug|iPhoneSimulator
		Debug|x64 = Debug|x64
		Debug|x86 = Debug|x86
		Release|Any CPU = Release|Any CPU
		Release|ARM = Release|ARM
		Release|iPhone = Release|iPhone
		Release|iPhoneSimulator = Release|iPhoneSimulator
		Release|x64 = Release|x64
		Release|x86 = Release|x86
	EndGlobalSection
	GlobalSection(ProjectConfigurationPlatforms) = postSolution
		{5E2FAE03-1161-4CD2-8E1D-CE84997FFCEF}.Debug|Any CPU.ActiveCfg = Debug|Any CPU
		{5E2FAE03-1161-4CD2-8E1D-CE84997FFCEF}.Debug|Any CPU.Build.0 = Debug|Any CPU
		{5E2FAE03-1161-4CD2-8E1D-CE84997FFCEF}.Debug|Any CPU.Deploy.0 = Debug|Any CPU
		{5E2FAE03-1161-4CD2-8E1D-CE84997FFCEF}.Debug|ARM.ActiveCfg = Debug|Any CPU
		{5E2FAE03-1161-4CD2-8E1D-CE84997FFCEF}.Debug|ARM.Build.0 = Debug|Any CPU
		{5E2FAE03-1161-4CD2-8E1D-CE84997FFCEF}.Debug|ARM.Deploy.0 = Debug|Any CPU
		{5E2FAE03-1161-4CD2-8E1D-CE84997FFCEF}.Debug|iPhone.ActiveCfg = Debug|Any CPU
		{5E2FAE03-1161-4CD2-8E1D-CE84997FFCEF}.Debug|iPhone.Build.0 = Debug|Any CPU
		{5E2FAE03-1161-4CD2-8E1D-CE84997FFCEF}.Debug|iPhone.Deploy.0 = Debug|Any CPU
		{5E2FAE03-1161-4CD2-8E1D-CE84997FFCEF}.Debug|iPhoneSimulator.ActiveCfg = Debug|Any CPU
		{5E2FAE03-1161-4CD2-8E1D-CE84997FFCEF}.Debug|iPhoneSimulator.Build.0 = Debug|Any CPU
		{5E2FAE03-1161-4CD2-8E1D-CE84997FFCEF}.Debug|iPhoneSimulator.Deploy.0 = Debug|Any CPU
		{5E2FAE03-1161-4CD2-8E1D-CE84997FFCEF}.Debug|x64.ActiveCfg = Debug|Any CPU
		{5E2FAE03-1161-4CD2-8E1D-CE84997FFCEF}.Debug|x64.Build.0 = Debug|Any CPU
		{5E2FAE03-1161-4CD2-8E1D-CE84997FFCEF}.Debug|x64.Deploy.0 = Debug|Any CPU
		{5E2FAE03-1161-4CD2-8E1D-CE84997FFCEF}.Debug|x86.ActiveCfg = Debug|Any CPU
		{5E2FAE03-1161-4CD2-8E1D-CE84997FFCEF}.Debug|x86.Build.0 = Debug|Any CPU
		{5E2FAE03-1161-4CD2-8E1D-CE84997FFCEF}.Debug|x86.Deploy.0 = Debug|Any CPU
		{5E2FAE03-1161-4CD2-8E1D-CE84997FFCEF}.Release|Any CPU.ActiveCfg = Release|Any CPU
		{5E2FAE03-1161-4CD2-8E1D-CE84997FFCEF}.Release|Any CPU.Build.0 = Release|Any CPU
		{5E2FAE03-1161-4CD2-8E1D-CE84997FFCEF}.Release|Any CPU.Deploy.0 = Release|Any CPU
		{5E2FAE03-1161-4CD2-8E1D-CE84997FFCEF}.Release|ARM.ActiveCfg = Release|Any CPU
		{5E2FAE03-1161-4CD2-8E1D-CE84997FFCEF}.Release|ARM.Build.0 = Release|Any CPU
		{5E2FAE03-1161-4CD2-8E1D-CE84997FFCEF}.Release|ARM.Deploy.0 = Release|Any CPU
		{5E2FAE03-1161-4CD2-8E1D-CE84997FFCEF}.Release|iPhone.ActiveCfg = Release|Any CPU
		{5E2FAE03-1161-4CD2-8E1D-CE84997FFCEF}.Release|iPhone.Build.0 = Release|Any CPU
		{5E2FAE03-1161-4CD2-8E1D-CE84997FFCEF}.Release|iPhone.Deploy.0 = Release|Any CPU
		{5E2FAE03-1161-4CD2-8E1D-CE84997FFCEF}.Release|iPhoneSimulator.ActiveCfg = Release|Any CPU
		{5E2FAE03-1161-4CD2-8E1D-CE84997FFCEF}.Release|iPhoneSimulator.Build.0 = Release|Any CPU
		{5E2FAE03-1161-4CD2-8E1D-CE84997FFCEF}.Release|iPhoneSimulator.Deploy.0 = Release|Any CPU
		{5E2FAE03-1161-4CD2-8E1D-CE84997FFCEF}.Release|x64.ActiveCfg = Release|Any CPU
		{5E2FAE03-1161-4CD2-8E1D-CE84997FFCEF}.Release|x64.Build.0 = Release|Any CPU
		{5E2FAE03-1161-4CD2-8E1D-CE84997FFCEF}.Release|x64.Deploy.0 = Release|Any CPU
		{5E2FAE03-1161-4CD2-8E1D-CE84997FFCEF}.Release|x86.ActiveCfg = Release|Any CPU
		{5E2FAE03-1161-4CD2-8E1D-CE84997FFCEF}.Release|x86.Build.0 = Release|Any CPU
		{5E2FAE03-1161-4CD2-8E1D-CE84997FFCEF}.Release|x86.Deploy.0 = Release|Any CPU
		{E96E82FE-6FE4-4389-AD7E-DF41DC8DE042}.Debug|Any CPU.ActiveCfg = Debug|iPhoneSimulator
		{E96E82FE-6FE4-4389-AD7E-DF41DC8DE042}.Debug|Any CPU.Build.0 = Debug|iPhoneSimulator
		{E96E82FE-6FE4-4389-AD7E-DF41DC8DE042}.Debug|Any CPU.Deploy.0 = Debug|iPhoneSimulator
		{E96E82FE-6FE4-4389-AD7E-DF41DC8DE042}.Debug|ARM.ActiveCfg = Debug|iPhone
		{E96E82FE-6FE4-4389-AD7E-DF41DC8DE042}.Debug|ARM.Build.0 = Debug|iPhone
		{E96E82FE-6FE4-4389-AD7E-DF41DC8DE042}.Debug|ARM.Deploy.0 = Debug|iPhone
		{E96E82FE-6FE4-4389-AD7E-DF41DC8DE042}.Debug|iPhone.ActiveCfg = Debug|iPhone
		{E96E82FE-6FE4-4389-AD7E-DF41DC8DE042}.Debug|iPhone.Build.0 = Debug|iPhone
		{E96E82FE-6FE4-4389-AD7E-DF41DC8DE042}.Debug|iPhone.Deploy.0 = Debug|iPhone
		{E96E82FE-6FE4-4389-AD7E-DF41DC8DE042}.Debug|iPhoneSimulator.ActiveCfg = Debug|iPhoneSimulator
		{E96E82FE-6FE4-4389-AD7E-DF41DC8DE042}.Debug|iPhoneSimulator.Build.0 = Debug|iPhoneSimulator
		{E96E82FE-6FE4-4389-AD7E-DF41DC8DE042}.Debug|iPhoneSimulator.Deploy.0 = Debug|iPhoneSimulator
		{E96E82FE-6FE4-4389-AD7E-DF41DC8DE042}.Debug|x64.ActiveCfg = Debug|iPhone
		{E96E82FE-6FE4-4389-AD7E-DF41DC8DE042}.Debug|x64.Build.0 = Debug|iPhone
		{E96E82FE-6FE4-4389-AD7E-DF41DC8DE042}.Debug|x64.Deploy.0 = Debug|iPhone
		{E96E82FE-6FE4-4389-AD7E-DF41DC8DE042}.Debug|x86.ActiveCfg = Debug|iPhone
		{E96E82FE-6FE4-4389-AD7E-DF41DC8DE042}.Debug|x86.Build.0 = Debug|iPhone
		{E96E82FE-6FE4-4389-AD7E-DF41DC8DE042}.Debug|x86.Deploy.0 = Debug|iPhone
		{E96E82FE-6FE4-4389-AD7E-DF41DC8DE042}.Release|Any CPU.ActiveCfg = Release|iPhone
		{E96E82FE-6FE4-4389-AD7E-DF41DC8DE042}.Release|Any CPU.Build.0 = Release|iPhone
		{E96E82FE-6FE4-4389-AD7E-DF41DC8DE042}.Release|Any CPU.Deploy.0 = Release|iPhone
		{E96E82FE-6FE4-4389-AD7E-DF41DC8DE042}.Release|ARM.ActiveCfg = Release|iPhone
		{E96E82FE-6FE4-4389-AD7E-DF41DC8DE042}.Release|ARM.Build.0 = Release|iPhone
		{E96E82FE-6FE4-4389-AD7E-DF41DC8DE042}.Release|ARM.Deploy.0 = Release|iPhone
		{E96E82FE-6FE4-4389-AD7E-DF41DC8DE042}.Release|iPhone.ActiveCfg = Release|iPhone
		{E96E82FE-6FE4-4389-AD7E-DF41DC8DE042}.Release|iPhone.Build.0 = Release|iPhone
		{E96E82FE-6FE4-4389-AD7E-DF41DC8DE042}.Release|iPhone.Deploy.0 = Release|iPhone
		{E96E82FE-6FE4-4389-AD7E-DF41DC8DE042}.Release|iPhoneSimulator.ActiveCfg = Release|iPhoneSimulator
		{E96E82FE-6FE4-4389-AD7E-DF41DC8DE042}.Release|iPhoneSimulator.Build.0 = Release|iPhoneSimulator
		{E96E82FE-6FE4-4389-AD7E-DF41DC8DE042}.Release|iPhoneSimulator.Deploy.0 = Release|iPhoneSimulator
		{E96E82FE-6FE4-4389-AD7E-DF41DC8DE042}.Release|x64.ActiveCfg = Release|iPhone
		{E96E82FE-6FE4-4389-AD7E-DF41DC8DE042}.Release|x64.Build.0 = Release|iPhone
		{E96E82FE-6FE4-4389-AD7E-DF41DC8DE042}.Release|x64.Deploy.0 = Release|iPhone
		{E96E82FE-6FE4-4389-AD7E-DF41DC8DE042}.Release|x86.ActiveCfg = Release|iPhone
		{E96E82FE-6FE4-4389-AD7E-DF41DC8DE042}.Release|x86.Build.0 = Release|iPhone
		{E96E82FE-6FE4-4389-AD7E-DF41DC8DE042}.Release|x86.Deploy.0 = Release|iPhone
		{1C89BE6C-5801-41FB-AD73-FD44377634F1}.Debug|Any CPU.ActiveCfg = Debug|x86
		{1C89BE6C-5801-41FB-AD73-FD44377634F1}.Debug|Any CPU.Build.0 = Debug|x86
		{1C89BE6C-5801-41FB-AD73-FD44377634F1}.Debug|Any CPU.Deploy.0 = Debug|x86
		{1C89BE6C-5801-41FB-AD73-FD44377634F1}.Debug|ARM.ActiveCfg = Debug|ARM
		{1C89BE6C-5801-41FB-AD73-FD44377634F1}.Debug|ARM.Build.0 = Debug|ARM
		{1C89BE6C-5801-41FB-AD73-FD44377634F1}.Debug|ARM.Deploy.0 = Debug|ARM
		{1C89BE6C-5801-41FB-AD73-FD44377634F1}.Debug|iPhone.ActiveCfg = Debug|x86
		{1C89BE6C-5801-41FB-AD73-FD44377634F1}.Debug|iPhone.Build.0 = Debug|x86
		{1C89BE6C-5801-41FB-AD73-FD44377634F1}.Debug|iPhone.Deploy.0 = Debug|x86
		{1C89BE6C-5801-41FB-AD73-FD44377634F1}.Debug|iPhoneSimulator.ActiveCfg = Debug|x86
		{1C89BE6C-5801-41FB-AD73-FD44377634F1}.Debug|iPhoneSimulator.Build.0 = Debug|x86
		{1C89BE6C-5801-41FB-AD73-FD44377634F1}.Debug|iPhoneSimulator.Deploy.0 = Debug|x86
		{1C89BE6C-5801-41FB-AD73-FD44377634F1}.Debug|x64.ActiveCfg = Debug|x64
		{1C89BE6C-5801-41FB-AD73-FD44377634F1}.Debug|x64.Build.0 = Debug|x64
		{1C89BE6C-5801-41FB-AD73-FD44377634F1}.Debug|x64.Deploy.0 = Debug|x64
		{1C89BE6C-5801-41FB-AD73-FD44377634F1}.Debug|x86.ActiveCfg = Debug|x86
		{1C89BE6C-5801-41FB-AD73-FD44377634F1}.Debug|x86.Build.0 = Debug|x86
		{1C89BE6C-5801-41FB-AD73-FD44377634F1}.Debug|x86.Deploy.0 = Debug|x86
		{1C89BE6C-5801-41FB-AD73-FD44377634F1}.Release|Any CPU.ActiveCfg = Release|x86
		{1C89BE6C-5801-41FB-AD73-FD44377634F1}.Release|Any CPU.Build.0 = Release|x86
		{1C89BE6C-5801-41FB-AD73-FD44377634F1}.Release|Any CPU.Deploy.0 = Release|x86
		{1C89BE6C-5801-41FB-AD73-FD44377634F1}.Release|ARM.ActiveCfg = Release|ARM
		{1C89BE6C-5801-41FB-AD73-FD44377634F1}.Release|ARM.Build.0 = Release|ARM
		{1C89BE6C-5801-41FB-AD73-FD44377634F1}.Release|ARM.Deploy.0 = Release|ARM
		{1C89BE6C-5801-41FB-AD73-FD44377634F1}.Release|iPhone.ActiveCfg = Release|x86
		{1C89BE6C-5801-41FB-AD73-FD44377634F1}.Release|iPhone.Build.0 = Release|x86
		{1C89BE6C-5801-41FB-AD73-FD44377634F1}.Release|iPhone.Deploy.0 = Release|x86
		{1C89BE6C-5801-41FB-AD73-FD44377634F1}.Release|iPhoneSimulator.ActiveCfg = Release|x86
		{1C89BE6C-5801-41FB-AD73-FD44377634F1}.Release|iPhoneSimulator.Build.0 = Release|x86
		{1C89BE6C-5801-41FB-AD73-FD44377634F1}.Release|iPhoneSimulator.Deploy.0 = Release|x86
		{1C89BE6C-5801-41FB-AD73-FD44377634F1}.Release|x64.ActiveCfg = Release|x64
		{1C89BE6C-5801-41FB-AD73-FD44377634F1}.Release|x64.Build.0 = Release|x64
		{1C89BE6C-5801-41FB-AD73-FD44377634F1}.Release|x64.Deploy.0 = Release|x64
		{1C89BE6C-5801-41FB-AD73-FD44377634F1}.Release|x86.ActiveCfg = Release|x86
		{1C89BE6C-5801-41FB-AD73-FD44377634F1}.Release|x86.Build.0 = Release|x86
		{1C89BE6C-5801-41FB-AD73-FD44377634F1}.Release|x86.Deploy.0 = Release|x86
		{593A8B10-8057-4F82-8C36-D50663DC1787}.Debug|Any CPU.ActiveCfg = Debug|Any CPU
		{593A8B10-8057-4F82-8C36-D50663DC1787}.Debug|Any CPU.Build.0 = Debug|Any CPU
		{593A8B10-8057-4F82-8C36-D50663DC1787}.Debug|Any CPU.Deploy.0 = Debug|Any CPU
		{593A8B10-8057-4F82-8C36-D50663DC1787}.Debug|ARM.ActiveCfg = Debug|Any CPU
		{593A8B10-8057-4F82-8C36-D50663DC1787}.Debug|ARM.Build.0 = Debug|Any CPU
		{593A8B10-8057-4F82-8C36-D50663DC1787}.Debug|ARM.Deploy.0 = Debug|Any CPU
		{593A8B10-8057-4F82-8C36-D50663DC1787}.Debug|iPhone.ActiveCfg = Debug|Any CPU
		{593A8B10-8057-4F82-8C36-D50663DC1787}.Debug|iPhone.Build.0 = Debug|Any CPU
		{593A8B10-8057-4F82-8C36-D50663DC1787}.Debug|iPhone.Deploy.0 = Debug|Any CPU
		{593A8B10-8057-4F82-8C36-D50663DC1787}.Debug|iPhoneSimulator.ActiveCfg = Debug|Any CPU
		{593A8B10-8057-4F82-8C36-D50663DC1787}.Debug|iPhoneSimulator.Build.0 = Debug|Any CPU
		{593A8B10-8057-4F82-8C36-D50663DC1787}.Debug|iPhoneSimulator.Deploy.0 = Debug|Any CPU
		{593A8B10-8057-4F82-8C36-D50663DC1787}.Debug|x64.ActiveCfg = Debug|Any CPU
		{593A8B10-8057-4F82-8C36-D50663DC1787}.Debug|x64.Build.0 = Debug|Any CPU
		{593A8B10-8057-4F82-8C36-D50663DC1787}.Debug|x64.Deploy.0 = Debug|Any CPU
		{593A8B10-8057-4F82-8C36-D50663DC1787}.Debug|x86.ActiveCfg = Debug|Any CPU
		{593A8B10-8057-4F82-8C36-D50663DC1787}.Debug|x86.Build.0 = Debug|Any CPU
		{593A8B10-8057-4F82-8C36-D50663DC1787}.Debug|x86.Deploy.0 = Debug|Any CPU
		{593A8B10-8057-4F82-8C36-D50663DC1787}.Release|Any CPU.ActiveCfg = Release|Any CPU
		{593A8B10-8057-4F82-8C36-D50663DC1787}.Release|Any CPU.Build.0 = Release|Any CPU
		{593A8B10-8057-4F82-8C36-D50663DC1787}.Release|Any CPU.Deploy.0 = Release|Any CPU
		{593A8B10-8057-4F82-8C36-D50663DC1787}.Release|ARM.ActiveCfg = Release|Any CPU
		{593A8B10-8057-4F82-8C36-D50663DC1787}.Release|ARM.Build.0 = Release|Any CPU
		{593A8B10-8057-4F82-8C36-D50663DC1787}.Release|ARM.Deploy.0 = Release|Any CPU
		{593A8B10-8057-4F82-8C36-D50663DC1787}.Release|iPhone.ActiveCfg = Release|Any CPU
		{593A8B10-8057-4F82-8C36-D50663DC1787}.Release|iPhone.Build.0 = Release|Any CPU
		{593A8B10-8057-4F82-8C36-D50663DC1787}.Release|iPhone.Deploy.0 = Release|Any CPU
		{593A8B10-8057-4F82-8C36-D50663DC1787}.Release|iPhoneSimulator.ActiveCfg = Release|Any CPU
		{593A8B10-8057-4F82-8C36-D50663DC1787}.Release|iPhoneSimulator.Build.0 = Release|Any CPU
		{593A8B10-8057-4F82-8C36-D50663DC1787}.Release|iPhoneSimulator.Deploy.0 = Release|Any CPU
		{593A8B10-8057-4F82-8C36-D50663DC1787}.Release|x64.ActiveCfg = Release|Any CPU
		{593A8B10-8057-4F82-8C36-D50663DC1787}.Release|x64.Build.0 = Release|Any CPU
		{593A8B10-8057-4F82-8C36-D50663DC1787}.Release|x64.Deploy.0 = Release|Any CPU
		{593A8B10-8057-4F82-8C36-D50663DC1787}.Release|x86.ActiveCfg = Release|Any CPU
		{593A8B10-8057-4F82-8C36-D50663DC1787}.Release|x86.Build.0 = Release|Any CPU
		{593A8B10-8057-4F82-8C36-D50663DC1787}.Release|x86.Deploy.0 = Release|Any CPU
	EndGlobalSection
	GlobalSection(SolutionProperties) = preSolution
		HideSolutionNode = FALSE
	EndGlobalSection
	GlobalSection(ExtensibilityGlobals) = postSolution
		SolutionGuid = {EFBC2B40-92A8-4184-A46F-E42F0EE017DB}
	EndGlobalSection
EndGlobal
